// !$*UTF8*$!
{
	archiveVersion = 1;
	classes = {
	};
	objectVersion = 46;
	objects = {

/* Begin PBXBuildFile section */
		4D6993E218E22E0C0073680F /* Foundation.framework in Frameworks */ = {isa = PBXBuildFile; fileRef = 4D6993E118E22E0C0073680F /* Foundation.framework */; };
		4D6993E418E22E0C0073680F /* CoreGraphics.framework in Frameworks */ = {isa = PBXBuildFile; fileRef = 4D6993E318E22E0C0073680F /* CoreGraphics.framework */; };
		4D6993E618E22E0C0073680F /* UIKit.framework in Frameworks */ = {isa = PBXBuildFile; fileRef = 4D6993E518E22E0C0073680F /* UIKit.framework */; };
		4D6993EC18E22E0C0073680F /* InfoPlist.strings in Resources */ = {isa = PBXBuildFile; fileRef = 4D6993EA18E22E0C0073680F /* InfoPlist.strings */; };
		4D6993FA18E22E0C0073680F /* Images.xcassets in Resources */ = {isa = PBXBuildFile; fileRef = 4D6993F918E22E0C0073680F /* Images.xcassets */; };
		4D69940118E22E0C0073680F /* XCTest.framework in Frameworks */ = {isa = PBXBuildFile; fileRef = 4D69940018E22E0C0073680F /* XCTest.framework */; };
		4D69940218E22E0C0073680F /* Foundation.framework in Frameworks */ = {isa = PBXBuildFile; fileRef = 4D6993E118E22E0C0073680F /* Foundation.framework */; };
		4D69940318E22E0C0073680F /* UIKit.framework in Frameworks */ = {isa = PBXBuildFile; fileRef = 4D6993E518E22E0C0073680F /* UIKit.framework */; };
		4D69940B18E22E0C0073680F /* InfoPlist.strings in Resources */ = {isa = PBXBuildFile; fileRef = 4D69940918E22E0C0073680F /* InfoPlist.strings */; };
		4D69940D18E22E0C0073680F /* youtube_player_ios_exampleTests.m in Sources */ = {isa = PBXBuildFile; fileRef = 4D69940C18E22E0C0073680F /* youtube_player_ios_exampleTests.m */; };
		4D69941D18E22EE10073680F /* AppDelegate.m in Sources */ = {isa = PBXBuildFile; fileRef = 4D69941718E22EE10073680F /* AppDelegate.m */; };
		4D69941E18E22EE10073680F /* Main.storyboard in Resources */ = {isa = PBXBuildFile; fileRef = 4D69941818E22EE10073680F /* Main.storyboard */; };
		4D69942218E22F000073680F /* main.m in Sources */ = {isa = PBXBuildFile; fileRef = 4D69942118E22F000073680F /* main.m */; };
		84178B361B0F626300C42CF9 /* ListRecordCell.m in Sources */ = {isa = PBXBuildFile; fileRef = 84178B351B0F626300C42CF9 /* ListRecordCell.m */; };
		84178B401B123C6300C42CF9 /* RootViewController.m in Sources */ = {isa = PBXBuildFile; fileRef = 84178B3F1B123C6300C42CF9 /* RootViewController.m */; };
		8423339C1B09B4FA00A99EBC /* SettingViewController.m in Sources */ = {isa = PBXBuildFile; fileRef = 8423339B1B09B4FA00A99EBC /* SettingViewController.m */; };
		842333A31B09B51C00A99EBC /* LyricAddingViewController.m in Sources */ = {isa = PBXBuildFile; fileRef = 842333A21B09B51C00A99EBC /* LyricAddingViewController.m */; };
		842333A61B0A22A600A99EBC /* RecordViewController.m in Sources */ = {isa = PBXBuildFile; fileRef = 842333A51B0A22A600A99EBC /* RecordViewController.m */; };
		842333A91B0A23A200A99EBC /* UserLyricsViewController.m in Sources */ = {isa = PBXBuildFile; fileRef = 842333A81B0A23A200A99EBC /* UserLyricsViewController.m */; };
		842333AD1B0A9DB700A99EBC /* ListRecordViewController.m in Sources */ = {isa = PBXBuildFile; fileRef = 842333AC1B0A9DB700A99EBC /* ListRecordViewController.m */; };
		84AF9E541C4B85A1001A48D8 /* mTI_ngJEJuo.lyric.en.txt in Resources */ = {isa = PBXBuildFile; fileRef = 84AF9E511C4B85A1001A48D8 /* mTI_ngJEJuo.lyric.en.txt */; };
		84AF9E551C4B85A1001A48D8 /* mTI_ngJEJuo.lyric.txt in Resources */ = {isa = PBXBuildFile; fileRef = 84AF9E521C4B85A1001A48D8 /* mTI_ngJEJuo.lyric.txt */; };
		84AF9E561C4B85A1001A48D8 /* mTI_ngJEJuo.translation.en.txt in Resources */ = {isa = PBXBuildFile; fileRef = 84AF9E531C4B85A1001A48D8 /* mTI_ngJEJuo.translation.en.txt */; };
		84AF9E611C4B87EA001A48D8 /* wjzQdQGtnF0.karaoke.en.txt in Resources */ = {isa = PBXBuildFile; fileRef = 84AF9E5A1C4B87EA001A48D8 /* wjzQdQGtnF0.karaoke.en.txt */; };
		84AF9E621C4B87EA001A48D8 /* wjzQdQGtnF0.lyric.en.txt in Resources */ = {isa = PBXBuildFile; fileRef = 84AF9E5B1C4B87EA001A48D8 /* wjzQdQGtnF0.lyric.en.txt */; };
		84AF9E631C4B87EA001A48D8 /* wjzQdQGtnF0.lyric.txt in Resources */ = {isa = PBXBuildFile; fileRef = 84AF9E5C1C4B87EA001A48D8 /* wjzQdQGtnF0.lyric.txt */; };
		84AF9E641C4B87EA001A48D8 /* wjzQdQGtnF0.translation.en.txt in Resources */ = {isa = PBXBuildFile; fileRef = 84AF9E5D1C4B87EA001A48D8 /* wjzQdQGtnF0.translation.en.txt */; };
		84AF9E6B1C4B981E001A48D8 /* 4OrCA1OInoo.karaoke.en.txt in Resources */ = {isa = PBXBuildFile; fileRef = 84AF9E691C4B981E001A48D8 /* 4OrCA1OInoo.karaoke.en.txt */; };
		84AF9E6C1C4B981E001A48D8 /* 4OrCA1OInoo.translation.en.txt in Resources */ = {isa = PBXBuildFile; fileRef = 84AF9E6A1C4B981E001A48D8 /* 4OrCA1OInoo.translation.en.txt */; };
		84AF9E6E1C4B9E45001A48D8 /* 4OrCA1OInoo.lyric.en.txt in Resources */ = {isa = PBXBuildFile; fileRef = 84AF9E6D1C4B9E45001A48D8 /* 4OrCA1OInoo.lyric.en.txt */; };
		84AF9E701C4CA72E001A48D8 /* 4OrCA1OInoo.lyric.txt in Resources */ = {isa = PBXBuildFile; fileRef = 84AF9E6F1C4CA72E001A48D8 /* 4OrCA1OInoo.lyric.txt */; };
		84AF9E761C4CBD9B001A48D8 /* LIPyB7SgzKc.lyric.en.txt in Resources */ = {isa = PBXBuildFile; fileRef = 84AF9E721C4CBD9B001A48D8 /* LIPyB7SgzKc.lyric.en.txt */; };
		84AF9E771C4CBD9B001A48D8 /* LIPyB7SgzKc.lyric.txt in Resources */ = {isa = PBXBuildFile; fileRef = 84AF9E731C4CBD9B001A48D8 /* LIPyB7SgzKc.lyric.txt */; };
		84AF9E781C4CBD9B001A48D8 /* LIPyB7SgzKc.translation.en.txt in Resources */ = {isa = PBXBuildFile; fileRef = 84AF9E741C4CBD9B001A48D8 /* LIPyB7SgzKc.translation.en.txt */; };
		84AF9E7A1C4CCFCC001A48D8 /* LIPyB7SgzKc.karaoke.en.txt in Resources */ = {isa = PBXBuildFile; fileRef = 84AF9E791C4CCFCC001A48D8 /* LIPyB7SgzKc.karaoke.en.txt */; };
		84AF9E7C1C4CD452001A48D8 /* mTI_ngJEJuo.karaoke.en.txt in Resources */ = {isa = PBXBuildFile; fileRef = 84AF9E7B1C4CD452001A48D8 /* mTI_ngJEJuo.karaoke.en.txt */; };
		84B96C761B009B91001ACC2E /* libPods-youtube-ios-player-helper.a in Frameworks */ = {isa = PBXBuildFile; fileRef = 84B96C711B009B77001ACC2E /* libPods-youtube-ios-player-helper.a */; };
		84D489CD1B033BAD009299A7 /* PlaylistViewController.m in Sources */ = {isa = PBXBuildFile; fileRef = 84D489CA1B033BAD009299A7 /* PlaylistViewController.m */; };
		84D489CE1B033BAD009299A7 /* SingleVideoViewController.m in Sources */ = {isa = PBXBuildFile; fileRef = 84D489CC1B033BAD009299A7 /* SingleVideoViewController.m */; };
		84D489DF1B05E9A2009299A7 /* Lyric.m in Sources */ = {isa = PBXBuildFile; fileRef = 84D489DE1B05E9A2009299A7 /* Lyric.m */; };
		84D489E61B070032009299A7 /* LyricLang.m in Sources */ = {isa = PBXBuildFile; fileRef = 84D489E51B070032009299A7 /* LyricLang.m */; };
		A1667DB27CF64FC392012064 /* libPods-youtube-player-ios-exampleTests.a in Frameworks */ = {isa = PBXBuildFile; fileRef = 97FE8C7A7A914485BBD9A3D4 /* libPods-youtube-player-ios-exampleTests.a */; };
/* End PBXBuildFile section */

/* Begin PBXContainerItemProxy section */
		4D69940418E22E0C0073680F /* PBXContainerItemProxy */ = {
			isa = PBXContainerItemProxy;
			containerPortal = 4D6993D618E22E0C0073680F /* Project object */;
			proxyType = 1;
			remoteGlobalIDString = 4D6993DD18E22E0C0073680F;
			remoteInfo = "youtube-player-ios-example";
		};
		84B96C6E1B009B77001ACC2E /* PBXContainerItemProxy */ = {
			isa = PBXContainerItemProxy;
			containerPortal = 84B96C671B009B77001ACC2E /* Pods.xcodeproj */;
			proxyType = 2;
			remoteGlobalIDString = 9DE36A051951D6914F5A5690;
			remoteInfo = Pods;
		};
		84B96C701B009B77001ACC2E /* PBXContainerItemProxy */ = {
			isa = PBXContainerItemProxy;
			containerPortal = 84B96C671B009B77001ACC2E /* Pods.xcodeproj */;
			proxyType = 2;
			remoteGlobalIDString = 74D5B59834825B1B4ECBA33B;
			remoteInfo = "Pods-youtube-ios-player-helper";
		};
		84B96C721B009B77001ACC2E /* PBXContainerItemProxy */ = {
			isa = PBXContainerItemProxy;
			containerPortal = 84B96C671B009B77001ACC2E /* Pods.xcodeproj */;
			proxyType = 2;
			remoteGlobalIDString = 816F1C4A5B0574BCE36081E2;
			remoteInfo = "Pods-youtube-player-ios-exampleTests";
		};
		84B96C741B009B77001ACC2E /* PBXContainerItemProxy */ = {
			isa = PBXContainerItemProxy;
			containerPortal = 84B96C671B009B77001ACC2E /* Pods.xcodeproj */;
			proxyType = 2;
			remoteGlobalIDString = 3B462E4A76E8B59D054BDBB6;
			remoteInfo = "Pods-youtube-player-ios-exampleTests-OCMock";
		};
/* End PBXContainerItemProxy section */

/* Begin PBXFileReference section */
		24194F762714FB36E14F42D1 /* Pods.release.xcconfig */ = {isa = PBXFileReference; includeInIndex = 1; lastKnownFileType = text.xcconfig; name = Pods.release.xcconfig; path = "Pods/Target Support Files/Pods/Pods.release.xcconfig"; sourceTree = "<group>"; };
		4D6993DE18E22E0C0073680F /* youtube-player-ios-example.app */ = {isa = PBXFileReference; explicitFileType = wrapper.application; includeInIndex = 0; path = "youtube-player-ios-example.app"; sourceTree = BUILT_PRODUCTS_DIR; };
		4D6993E118E22E0C0073680F /* Foundation.framework */ = {isa = PBXFileReference; lastKnownFileType = wrapper.framework; name = Foundation.framework; path = System/Library/Frameworks/Foundation.framework; sourceTree = SDKROOT; };
		4D6993E318E22E0C0073680F /* CoreGraphics.framework */ = {isa = PBXFileReference; lastKnownFileType = wrapper.framework; name = CoreGraphics.framework; path = System/Library/Frameworks/CoreGraphics.framework; sourceTree = SDKROOT; };
		4D6993E518E22E0C0073680F /* UIKit.framework */ = {isa = PBXFileReference; lastKnownFileType = wrapper.framework; name = UIKit.framework; path = System/Library/Frameworks/UIKit.framework; sourceTree = SDKROOT; };
		4D6993E918E22E0C0073680F /* youtube-player-ios-example-Info.plist */ = {isa = PBXFileReference; lastKnownFileType = text.plist.xml; path = "youtube-player-ios-example-Info.plist"; sourceTree = "<group>"; };
		4D6993EB18E22E0C0073680F /* en */ = {isa = PBXFileReference; lastKnownFileType = text.plist.strings; name = en; path = en.lproj/InfoPlist.strings; sourceTree = "<group>"; };
		4D6993EF18E22E0C0073680F /* youtube-player-ios-example-Prefix.pch */ = {isa = PBXFileReference; lastKnownFileType = sourcecode.c.h; path = "youtube-player-ios-example-Prefix.pch"; sourceTree = "<group>"; };
		4D6993F918E22E0C0073680F /* Images.xcassets */ = {isa = PBXFileReference; lastKnownFileType = folder.assetcatalog; path = Images.xcassets; sourceTree = "<group>"; };
		4D6993FF18E22E0C0073680F /* youtube-player-ios-exampleTests.xctest */ = {isa = PBXFileReference; explicitFileType = wrapper.cfbundle; includeInIndex = 0; path = "youtube-player-ios-exampleTests.xctest"; sourceTree = BUILT_PRODUCTS_DIR; };
		4D69940018E22E0C0073680F /* XCTest.framework */ = {isa = PBXFileReference; lastKnownFileType = wrapper.framework; name = XCTest.framework; path = Library/Frameworks/XCTest.framework; sourceTree = DEVELOPER_DIR; };
		4D69940818E22E0C0073680F /* youtube-player-ios-exampleTests-Info.plist */ = {isa = PBXFileReference; lastKnownFileType = text.plist.xml; path = "youtube-player-ios-exampleTests-Info.plist"; sourceTree = "<group>"; };
		4D69940A18E22E0C0073680F /* en */ = {isa = PBXFileReference; lastKnownFileType = text.plist.strings; name = en; path = en.lproj/InfoPlist.strings; sourceTree = "<group>"; };
		4D69940C18E22E0C0073680F /* youtube_player_ios_exampleTests.m */ = {isa = PBXFileReference; lastKnownFileType = sourcecode.c.objc; path = youtube_player_ios_exampleTests.m; sourceTree = "<group>"; };
		4D69941618E22EE10073680F /* AppDelegate.h */ = {isa = PBXFileReference; fileEncoding = 4; lastKnownFileType = sourcecode.c.h; path = AppDelegate.h; sourceTree = "<group>"; };
		4D69941718E22EE10073680F /* AppDelegate.m */ = {isa = PBXFileReference; fileEncoding = 4; lastKnownFileType = sourcecode.c.objc; path = AppDelegate.m; sourceTree = "<group>"; };
		4D69941818E22EE10073680F /* Main.storyboard */ = {isa = PBXFileReference; fileEncoding = 4; lastKnownFileType = file.storyboard; path = Main.storyboard; sourceTree = "<group>"; };
		4D69942118E22F000073680F /* main.m */ = {isa = PBXFileReference; fileEncoding = 4; lastKnownFileType = sourcecode.c.objc; path = main.m; sourceTree = "<group>"; };
		5E02695E3B9C9C321995A8EB /* Pods-youtube-player-ios-exampleTests.debug.xcconfig */ = {isa = PBXFileReference; includeInIndex = 1; lastKnownFileType = text.xcconfig; name = "Pods-youtube-player-ios-exampleTests.debug.xcconfig"; path = "Pods/Target Support Files/Pods-youtube-player-ios-exampleTests/Pods-youtube-player-ios-exampleTests.debug.xcconfig"; sourceTree = "<group>"; };
		614CB957CD094425884C83E1 /* libPods.a */ = {isa = PBXFileReference; explicitFileType = archive.ar; includeInIndex = 0; path = libPods.a; sourceTree = BUILT_PRODUCTS_DIR; };
		84178B341B0F626300C42CF9 /* ListRecordCell.h */ = {isa = PBXFileReference; fileEncoding = 4; lastKnownFileType = sourcecode.c.h; path = ListRecordCell.h; sourceTree = "<group>"; };
		84178B351B0F626300C42CF9 /* ListRecordCell.m */ = {isa = PBXFileReference; fileEncoding = 4; lastKnownFileType = sourcecode.c.objc; path = ListRecordCell.m; sourceTree = "<group>"; };
		84178B3E1B123C6300C42CF9 /* RootViewController.h */ = {isa = PBXFileReference; fileEncoding = 4; lastKnownFileType = sourcecode.c.h; path = RootViewController.h; sourceTree = "<group>"; };
		84178B3F1B123C6300C42CF9 /* RootViewController.m */ = {isa = PBXFileReference; fileEncoding = 4; lastKnownFileType = sourcecode.c.objc; path = RootViewController.m; sourceTree = "<group>"; };
		8423339A1B09B4FA00A99EBC /* SettingViewController.h */ = {isa = PBXFileReference; fileEncoding = 4; lastKnownFileType = sourcecode.c.h; path = SettingViewController.h; sourceTree = "<group>"; };
		8423339B1B09B4FA00A99EBC /* SettingViewController.m */ = {isa = PBXFileReference; fileEncoding = 4; lastKnownFileType = sourcecode.c.objc; path = SettingViewController.m; sourceTree = "<group>"; };
		842333A11B09B51C00A99EBC /* LyricAddingViewController.h */ = {isa = PBXFileReference; fileEncoding = 4; lastKnownFileType = sourcecode.c.h; path = LyricAddingViewController.h; sourceTree = "<group>"; };
		842333A21B09B51C00A99EBC /* LyricAddingViewController.m */ = {isa = PBXFileReference; fileEncoding = 4; lastKnownFileType = sourcecode.c.objc; path = LyricAddingViewController.m; sourceTree = "<group>"; };
		842333A41B0A22A600A99EBC /* RecordViewController.h */ = {isa = PBXFileReference; fileEncoding = 4; lastKnownFileType = sourcecode.c.h; path = RecordViewController.h; sourceTree = "<group>"; };
		842333A51B0A22A600A99EBC /* RecordViewController.m */ = {isa = PBXFileReference; fileEncoding = 4; lastKnownFileType = sourcecode.c.objc; path = RecordViewController.m; sourceTree = "<group>"; };
		842333A71B0A23A200A99EBC /* UserLyricsViewController.h */ = {isa = PBXFileReference; fileEncoding = 4; lastKnownFileType = sourcecode.c.h; path = UserLyricsViewController.h; sourceTree = "<group>"; };
		842333A81B0A23A200A99EBC /* UserLyricsViewController.m */ = {isa = PBXFileReference; fileEncoding = 4; lastKnownFileType = sourcecode.c.objc; path = UserLyricsViewController.m; sourceTree = "<group>"; };
		842333AB1B0A9DB700A99EBC /* ListRecordViewController.h */ = {isa = PBXFileReference; fileEncoding = 4; lastKnownFileType = sourcecode.c.h; path = ListRecordViewController.h; sourceTree = "<group>"; };
		842333AC1B0A9DB700A99EBC /* ListRecordViewController.m */ = {isa = PBXFileReference; fileEncoding = 4; lastKnownFileType = sourcecode.c.objc; path = ListRecordViewController.m; sourceTree = "<group>"; };
		845F68471AFECFBB007ACB0C /* libPods-youtube-ios-player-helper.a */ = {isa = PBXFileReference; lastKnownFileType = archive.ar; name = "libPods-youtube-ios-player-helper.a"; path = "Pods/../build/Debug-iphoneos/libPods-youtube-ios-player-helper.a"; sourceTree = "<group>"; };
		84AF9E511C4B85A1001A48D8 /* mTI_ngJEJuo.lyric.en.txt */ = {isa = PBXFileReference; fileEncoding = 4; lastKnownFileType = text; path = mTI_ngJEJuo.lyric.en.txt; sourceTree = "<group>"; };
		84AF9E521C4B85A1001A48D8 /* mTI_ngJEJuo.lyric.txt */ = {isa = PBXFileReference; fileEncoding = 4; lastKnownFileType = text; path = mTI_ngJEJuo.lyric.txt; sourceTree = "<group>"; };
		84AF9E531C4B85A1001A48D8 /* mTI_ngJEJuo.translation.en.txt */ = {isa = PBXFileReference; fileEncoding = 4; lastKnownFileType = text; path = mTI_ngJEJuo.translation.en.txt; sourceTree = "<group>"; };
		84AF9E5A1C4B87EA001A48D8 /* wjzQdQGtnF0.karaoke.en.txt */ = {isa = PBXFileReference; fileEncoding = 4; lastKnownFileType = text; path = wjzQdQGtnF0.karaoke.en.txt; sourceTree = "<group>"; };
		84AF9E5B1C4B87EA001A48D8 /* wjzQdQGtnF0.lyric.en.txt */ = {isa = PBXFileReference; fileEncoding = 4; lastKnownFileType = text; path = wjzQdQGtnF0.lyric.en.txt; sourceTree = "<group>"; };
		84AF9E5C1C4B87EA001A48D8 /* wjzQdQGtnF0.lyric.txt */ = {isa = PBXFileReference; fileEncoding = 4; lastKnownFileType = text; path = wjzQdQGtnF0.lyric.txt; sourceTree = "<group>"; };
		84AF9E5D1C4B87EA001A48D8 /* wjzQdQGtnF0.translation.en.txt */ = {isa = PBXFileReference; fileEncoding = 4; lastKnownFileType = text; path = wjzQdQGtnF0.translation.en.txt; sourceTree = "<group>"; };
		84AF9E691C4B981E001A48D8 /* 4OrCA1OInoo.karaoke.en.txt */ = {isa = PBXFileReference; fileEncoding = 4; lastKnownFileType = text; path = 4OrCA1OInoo.karaoke.en.txt; sourceTree = "<group>"; };
		84AF9E6A1C4B981E001A48D8 /* 4OrCA1OInoo.translation.en.txt */ = {isa = PBXFileReference; fileEncoding = 4; lastKnownFileType = text; path = 4OrCA1OInoo.translation.en.txt; sourceTree = "<group>"; };
		84AF9E6D1C4B9E45001A48D8 /* 4OrCA1OInoo.lyric.en.txt */ = {isa = PBXFileReference; fileEncoding = 4; lastKnownFileType = text; path = 4OrCA1OInoo.lyric.en.txt; sourceTree = "<group>"; };
		84AF9E6F1C4CA72E001A48D8 /* 4OrCA1OInoo.lyric.txt */ = {isa = PBXFileReference; fileEncoding = 4; lastKnownFileType = text; path = 4OrCA1OInoo.lyric.txt; sourceTree = "<group>"; };
		84AF9E721C4CBD9B001A48D8 /* LIPyB7SgzKc.lyric.en.txt */ = {isa = PBXFileReference; fileEncoding = 4; lastKnownFileType = text; path = LIPyB7SgzKc.lyric.en.txt; sourceTree = "<group>"; };
		84AF9E731C4CBD9B001A48D8 /* LIPyB7SgzKc.lyric.txt */ = {isa = PBXFileReference; fileEncoding = 4; lastKnownFileType = text; path = LIPyB7SgzKc.lyric.txt; sourceTree = "<group>"; };
		84AF9E741C4CBD9B001A48D8 /* LIPyB7SgzKc.translation.en.txt */ = {isa = PBXFileReference; fileEncoding = 4; lastKnownFileType = text; path = LIPyB7SgzKc.translation.en.txt; sourceTree = "<group>"; };
		84AF9E791C4CCFCC001A48D8 /* LIPyB7SgzKc.karaoke.en.txt */ = {isa = PBXFileReference; fileEncoding = 4; lastKnownFileType = text; path = LIPyB7SgzKc.karaoke.en.txt; sourceTree = "<group>"; };
		84AF9E7B1C4CD452001A48D8 /* mTI_ngJEJuo.karaoke.en.txt */ = {isa = PBXFileReference; fileEncoding = 4; lastKnownFileType = text; path = mTI_ngJEJuo.karaoke.en.txt; sourceTree = "<group>"; };
		84B96C671B009B77001ACC2E /* Pods.xcodeproj */ = {isa = PBXFileReference; lastKnownFileType = "wrapper.pb-project"; name = Pods.xcodeproj; path = Pods/Pods.xcodeproj; sourceTree = "<group>"; };
		84D489C81B033A9D009299A7 /* Constant.h */ = {isa = PBXFileReference; fileEncoding = 4; lastKnownFileType = sourcecode.c.h; path = Constant.h; sourceTree = "<group>"; };
		84D489C91B033BAD009299A7 /* PlaylistViewController.h */ = {isa = PBXFileReference; fileEncoding = 4; lastKnownFileType = sourcecode.c.h; path = PlaylistViewController.h; sourceTree = "<group>"; };
		84D489CA1B033BAD009299A7 /* PlaylistViewController.m */ = {isa = PBXFileReference; fileEncoding = 4; lastKnownFileType = sourcecode.c.objc; path = PlaylistViewController.m; sourceTree = "<group>"; };
		84D489CB1B033BAD009299A7 /* SingleVideoViewController.h */ = {isa = PBXFileReference; fileEncoding = 4; lastKnownFileType = sourcecode.c.h; path = SingleVideoViewController.h; sourceTree = "<group>"; };
		84D489CC1B033BAD009299A7 /* SingleVideoViewController.m */ = {isa = PBXFileReference; fileEncoding = 4; lastKnownFileType = sourcecode.c.objc; path = SingleVideoViewController.m; sourceTree = "<group>"; };
		84D489DD1B05E9A2009299A7 /* Lyric.h */ = {isa = PBXFileReference; fileEncoding = 4; lastKnownFileType = sourcecode.c.h; path = Lyric.h; sourceTree = "<group>"; };
		84D489DE1B05E9A2009299A7 /* Lyric.m */ = {isa = PBXFileReference; fileEncoding = 4; lastKnownFileType = sourcecode.c.objc; path = Lyric.m; sourceTree = "<group>"; };
		84D489E41B070032009299A7 /* LyricLang.h */ = {isa = PBXFileReference; fileEncoding = 4; lastKnownFileType = sourcecode.c.h; path = LyricLang.h; sourceTree = "<group>"; };
		84D489E51B070032009299A7 /* LyricLang.m */ = {isa = PBXFileReference; fileEncoding = 4; lastKnownFileType = sourcecode.c.objc; path = LyricLang.m; sourceTree = "<group>"; };
		97FE8C7A7A914485BBD9A3D4 /* libPods-youtube-player-ios-exampleTests.a */ = {isa = PBXFileReference; explicitFileType = archive.ar; includeInIndex = 0; path = "libPods-youtube-player-ios-exampleTests.a"; sourceTree = BUILT_PRODUCTS_DIR; };
		A768218C01189927D9428EFE /* Pods.debug.xcconfig */ = {isa = PBXFileReference; includeInIndex = 1; lastKnownFileType = text.xcconfig; name = Pods.debug.xcconfig; path = "Pods/Target Support Files/Pods/Pods.debug.xcconfig"; sourceTree = "<group>"; };
		C779352E5870E0CC33EE7ADD /* Pods-youtube-player-ios-exampleTests.release.xcconfig */ = {isa = PBXFileReference; includeInIndex = 1; lastKnownFileType = text.xcconfig; name = "Pods-youtube-player-ios-exampleTests.release.xcconfig"; path = "Pods/Target Support Files/Pods-youtube-player-ios-exampleTests/Pods-youtube-player-ios-exampleTests.release.xcconfig"; sourceTree = "<group>"; };
/* End PBXFileReference section */

/* Begin PBXFrameworksBuildPhase section */
		4D6993DB18E22E0C0073680F /* Frameworks */ = {
			isa = PBXFrameworksBuildPhase;
			buildActionMask = 2147483647;
			files = (
				84B96C761B009B91001ACC2E /* libPods-youtube-ios-player-helper.a in Frameworks */,
				4D6993E418E22E0C0073680F /* CoreGraphics.framework in Frameworks */,
				4D6993E618E22E0C0073680F /* UIKit.framework in Frameworks */,
				4D6993E218E22E0C0073680F /* Foundation.framework in Frameworks */,
			);
			runOnlyForDeploymentPostprocessing = 0;
		};
		4D6993FC18E22E0C0073680F /* Frameworks */ = {
			isa = PBXFrameworksBuildPhase;
			buildActionMask = 2147483647;
			files = (
				4D69940118E22E0C0073680F /* XCTest.framework in Frameworks */,
				4D69940318E22E0C0073680F /* UIKit.framework in Frameworks */,
				4D69940218E22E0C0073680F /* Foundation.framework in Frameworks */,
				A1667DB27CF64FC392012064 /* libPods-youtube-player-ios-exampleTests.a in Frameworks */,
			);
			runOnlyForDeploymentPostprocessing = 0;
		};
/* End PBXFrameworksBuildPhase section */

/* Begin PBXGroup section */
		4D6993D518E22E0C0073680F = {
			isa = PBXGroup;
			children = (
				4D6993E718E22E0C0073680F /* youtube-player-ios-example */,
				4D69940618E22E0C0073680F /* youtube-player-ios-exampleTests */,
				4D6993E018E22E0C0073680F /* Frameworks */,
				4D6993DF18E22E0C0073680F /* Products */,
				6AFFEB40DC8F9E88883F66E5 /* Pods */,
				84B96C671B009B77001ACC2E /* Pods.xcodeproj */,
			);
			sourceTree = "<group>";
		};
		4D6993DF18E22E0C0073680F /* Products */ = {
			isa = PBXGroup;
			children = (
				4D6993DE18E22E0C0073680F /* youtube-player-ios-example.app */,
				4D6993FF18E22E0C0073680F /* youtube-player-ios-exampleTests.xctest */,
			);
			name = Products;
			sourceTree = "<group>";
		};
		4D6993E018E22E0C0073680F /* Frameworks */ = {
			isa = PBXGroup;
			children = (
				845F68471AFECFBB007ACB0C /* libPods-youtube-ios-player-helper.a */,
				4D6993E118E22E0C0073680F /* Foundation.framework */,
				4D6993E318E22E0C0073680F /* CoreGraphics.framework */,
				4D6993E518E22E0C0073680F /* UIKit.framework */,
				4D69940018E22E0C0073680F /* XCTest.framework */,
				614CB957CD094425884C83E1 /* libPods.a */,
				97FE8C7A7A914485BBD9A3D4 /* libPods-youtube-player-ios-exampleTests.a */,
			);
			name = Frameworks;
			sourceTree = "<group>";
		};
		4D6993E718E22E0C0073680F /* youtube-player-ios-example */ = {
			isa = PBXGroup;
			children = (
				4D69941618E22EE10073680F /* AppDelegate.h */,
				4D69941718E22EE10073680F /* AppDelegate.m */,
				84D489C81B033A9D009299A7 /* Constant.h */,
				84D489CF1B05E8D8009299A7 /* resources */,
				84D489C01B033A81009299A7 /* Classes */,
				4D69941818E22EE10073680F /* Main.storyboard */,
				4D6993F918E22E0C0073680F /* Images.xcassets */,
				4D6993E818E22E0C0073680F /* Supporting Files */,
			);
			path = "youtube-player-ios-example";
			sourceTree = "<group>";
		};
		4D6993E818E22E0C0073680F /* Supporting Files */ = {
			isa = PBXGroup;
			children = (
				4D6993E918E22E0C0073680F /* youtube-player-ios-example-Info.plist */,
				4D6993EA18E22E0C0073680F /* InfoPlist.strings */,
				4D69942118E22F000073680F /* main.m */,
				4D6993EF18E22E0C0073680F /* youtube-player-ios-example-Prefix.pch */,
			);
			name = "Supporting Files";
			sourceTree = "<group>";
		};
		4D69940618E22E0C0073680F /* youtube-player-ios-exampleTests */ = {
			isa = PBXGroup;
			children = (
				4D69940C18E22E0C0073680F /* youtube_player_ios_exampleTests.m */,
				4D69940718E22E0C0073680F /* Supporting Files */,
			);
			path = "youtube-player-ios-exampleTests";
			sourceTree = "<group>";
		};
		4D69940718E22E0C0073680F /* Supporting Files */ = {
			isa = PBXGroup;
			children = (
				4D69940818E22E0C0073680F /* youtube-player-ios-exampleTests-Info.plist */,
				4D69940918E22E0C0073680F /* InfoPlist.strings */,
			);
			name = "Supporting Files";
			sourceTree = "<group>";
		};
		6AFFEB40DC8F9E88883F66E5 /* Pods */ = {
			isa = PBXGroup;
			children = (
				A768218C01189927D9428EFE /* Pods.debug.xcconfig */,
				24194F762714FB36E14F42D1 /* Pods.release.xcconfig */,
				5E02695E3B9C9C321995A8EB /* Pods-youtube-player-ios-exampleTests.debug.xcconfig */,
				C779352E5870E0CC33EE7ADD /* Pods-youtube-player-ios-exampleTests.release.xcconfig */,
			);
			name = Pods;
			sourceTree = "<group>";
		};
		84B96C681B009B77001ACC2E /* Products */ = {
			isa = PBXGroup;
			children = (
				84B96C6F1B009B77001ACC2E /* libPods.a */,
				84B96C711B009B77001ACC2E /* libPods-youtube-ios-player-helper.a */,
				84B96C731B009B77001ACC2E /* libPods-youtube-player-ios-exampleTests.a */,
				84B96C751B009B77001ACC2E /* libPods-youtube-player-ios-exampleTests-OCMock.a */,
			);
			name = Products;
			sourceTree = "<group>";
		};
		84D489C01B033A81009299A7 /* Classes */ = {
			isa = PBXGroup;
			children = (
				84D489C11B033A81009299A7 /* controller */,
				84D489C21B033A81009299A7 /* model */,
				84D489C31B033A81009299A7 /* view */,
			);
			path = Classes;
			sourceTree = "<group>";
		};
		84D489C11B033A81009299A7 /* controller */ = {
			isa = PBXGroup;
			children = (
				84D489C91B033BAD009299A7 /* PlaylistViewController.h */,
				84D489CA1B033BAD009299A7 /* PlaylistViewController.m */,
				84D489CB1B033BAD009299A7 /* SingleVideoViewController.h */,
				84D489CC1B033BAD009299A7 /* SingleVideoViewController.m */,
				842333A11B09B51C00A99EBC /* LyricAddingViewController.h */,
				842333A21B09B51C00A99EBC /* LyricAddingViewController.m */,
				8423339A1B09B4FA00A99EBC /* SettingViewController.h */,
				8423339B1B09B4FA00A99EBC /* SettingViewController.m */,
				842333A41B0A22A600A99EBC /* RecordViewController.h */,
				842333A51B0A22A600A99EBC /* RecordViewController.m */,
				842333A71B0A23A200A99EBC /* UserLyricsViewController.h */,
				842333A81B0A23A200A99EBC /* UserLyricsViewController.m */,
				842333AB1B0A9DB700A99EBC /* ListRecordViewController.h */,
				842333AC1B0A9DB700A99EBC /* ListRecordViewController.m */,
				84178B3E1B123C6300C42CF9 /* RootViewController.h */,
				84178B3F1B123C6300C42CF9 /* RootViewController.m */,
			);
			path = controller;
			sourceTree = "<group>";
		};
		84D489C21B033A81009299A7 /* model */ = {
			isa = PBXGroup;
			children = (
				84D489DD1B05E9A2009299A7 /* Lyric.h */,
				84D489DE1B05E9A2009299A7 /* Lyric.m */,
				84D489E41B070032009299A7 /* LyricLang.h */,
				84D489E51B070032009299A7 /* LyricLang.m */,
			);
			path = model;
			sourceTree = "<group>";
		};
		84D489C31B033A81009299A7 /* view */ = {
			isa = PBXGroup;
			children = (
				84178B341B0F626300C42CF9 /* ListRecordCell.h */,
				84178B351B0F626300C42CF9 /* ListRecordCell.m */,
			);
			path = view;
			sourceTree = "<group>";
		};
		84D489CF1B05E8D8009299A7 /* resources */ = {
			isa = PBXGroup;
			children = (
				84D489D01B05E8D8009299A7 /* lyrics */,
			);
			path = resources;
			sourceTree = "<group>";
		};
		84D489D01B05E8D8009299A7 /* lyrics */ = {
			isa = PBXGroup;
			children = (
				84AF9E5A1C4B87EA001A48D8 /* wjzQdQGtnF0.karaoke.en.txt */,
				84AF9E5B1C4B87EA001A48D8 /* wjzQdQGtnF0.lyric.en.txt */,
				84AF9E5C1C4B87EA001A48D8 /* wjzQdQGtnF0.lyric.txt */,
				84AF9E5D1C4B87EA001A48D8 /* wjzQdQGtnF0.translation.en.txt */,
				84AF9E511C4B85A1001A48D8 /* mTI_ngJEJuo.lyric.en.txt */,
				84AF9E521C4B85A1001A48D8 /* mTI_ngJEJuo.lyric.txt */,
				84AF9E531C4B85A1001A48D8 /* mTI_ngJEJuo.translation.en.txt */,
				84AF9E7B1C4CD452001A48D8 /* mTI_ngJEJuo.karaoke.en.txt */,
				84AF9E6F1C4CA72E001A48D8 /* 4OrCA1OInoo.lyric.txt */,
				84AF9E6D1C4B9E45001A48D8 /* 4OrCA1OInoo.lyric.en.txt */,
				84AF9E691C4B981E001A48D8 /* 4OrCA1OInoo.karaoke.en.txt */,
				84AF9E6A1C4B981E001A48D8 /* 4OrCA1OInoo.translation.en.txt */,
				84AF9E791C4CCFCC001A48D8 /* LIPyB7SgzKc.karaoke.en.txt */,
				84AF9E721C4CBD9B001A48D8 /* LIPyB7SgzKc.lyric.en.txt */,
				84AF9E731C4CBD9B001A48D8 /* LIPyB7SgzKc.lyric.txt */,
				84AF9E741C4CBD9B001A48D8 /* LIPyB7SgzKc.translation.en.txt */,
			);
			path = lyrics;
			sourceTree = "<group>";
		};
/* End PBXGroup section */

/* Begin PBXNativeTarget section */
		4D6993DD18E22E0C0073680F /* youtube-player-ios-example */ = {
			isa = PBXNativeTarget;
			buildConfigurationList = 4D69941018E22E0C0073680F /* Build configuration list for PBXNativeTarget "youtube-player-ios-example" */;
			buildPhases = (
				FE80856E09B8459AAE18655D /* Check Pods Manifest.lock */,
				4D6993DA18E22E0C0073680F /* Sources */,
				4D6993DB18E22E0C0073680F /* Frameworks */,
				4D6993DC18E22E0C0073680F /* Resources */,
				8D2FF9AA090848A181BEBD44 /* Copy Pods Resources */,
			);
			buildRules = (
			);
			dependencies = (
			);
			name = "youtube-player-ios-example";
			productName = "youtube-player-ios-example";
			productReference = 4D6993DE18E22E0C0073680F /* youtube-player-ios-example.app */;
			productType = "com.apple.product-type.application";
		};
		4D6993FE18E22E0C0073680F /* youtube-player-ios-exampleTests */ = {
			isa = PBXNativeTarget;
			buildConfigurationList = 4D69941318E22E0C0073680F /* Build configuration list for PBXNativeTarget "youtube-player-ios-exampleTests" */;
			buildPhases = (
				40A67310F9C54613B3075C8C /* Check Pods Manifest.lock */,
				4D6993FB18E22E0C0073680F /* Sources */,
				4D6993FC18E22E0C0073680F /* Frameworks */,
				4D6993FD18E22E0C0073680F /* Resources */,
				B16AF54440614B7BBEA8906E /* Copy Pods Resources */,
			);
			buildRules = (
			);
			dependencies = (
				4D69940518E22E0C0073680F /* PBXTargetDependency */,
			);
			name = "youtube-player-ios-exampleTests";
			productName = "youtube-player-ios-exampleTests";
			productReference = 4D6993FF18E22E0C0073680F /* youtube-player-ios-exampleTests.xctest */;
			productType = "com.apple.product-type.bundle.unit-test";
		};
/* End PBXNativeTarget section */

/* Begin PBXProject section */
		4D6993D618E22E0C0073680F /* Project object */ = {
			isa = PBXProject;
			attributes = {
				LastUpgradeCheck = 0510;
				ORGANIZATIONNAME = "YouTube Developer Relations";
				TargetAttributes = {
					4D6993FE18E22E0C0073680F = {
						TestTargetID = 4D6993DD18E22E0C0073680F;
					};
				};
			};
			buildConfigurationList = 4D6993D918E22E0C0073680F /* Build configuration list for PBXProject "youtube-player-ios-example" */;
			compatibilityVersion = "Xcode 3.2";
			developmentRegion = English;
			hasScannedForEncodings = 0;
			knownRegions = (
				en,
				Base,
			);
			mainGroup = 4D6993D518E22E0C0073680F;
			productRefGroup = 4D6993DF18E22E0C0073680F /* Products */;
			projectDirPath = "";
			projectReferences = (
				{
					ProductGroup = 84B96C681B009B77001ACC2E /* Products */;
					ProjectRef = 84B96C671B009B77001ACC2E /* Pods.xcodeproj */;
				},
			);
			projectRoot = "";
			targets = (
				4D6993DD18E22E0C0073680F /* youtube-player-ios-example */,
				4D6993FE18E22E0C0073680F /* youtube-player-ios-exampleTests */,
			);
		};
/* End PBXProject section */

/* Begin PBXReferenceProxy section */
		84B96C6F1B009B77001ACC2E /* libPods.a */ = {
			isa = PBXReferenceProxy;
			fileType = archive.ar;
			path = libPods.a;
			remoteRef = 84B96C6E1B009B77001ACC2E /* PBXContainerItemProxy */;
			sourceTree = BUILT_PRODUCTS_DIR;
		};
		84B96C711B009B77001ACC2E /* libPods-youtube-ios-player-helper.a */ = {
			isa = PBXReferenceProxy;
			fileType = archive.ar;
			path = "libPods-youtube-ios-player-helper.a";
			remoteRef = 84B96C701B009B77001ACC2E /* PBXContainerItemProxy */;
			sourceTree = BUILT_PRODUCTS_DIR;
		};
		84B96C731B009B77001ACC2E /* libPods-youtube-player-ios-exampleTests.a */ = {
			isa = PBXReferenceProxy;
			fileType = archive.ar;
			path = "libPods-youtube-player-ios-exampleTests.a";
			remoteRef = 84B96C721B009B77001ACC2E /* PBXContainerItemProxy */;
			sourceTree = BUILT_PRODUCTS_DIR;
		};
		84B96C751B009B77001ACC2E /* libPods-youtube-player-ios-exampleTests-OCMock.a */ = {
			isa = PBXReferenceProxy;
			fileType = archive.ar;
			path = "libPods-youtube-player-ios-exampleTests-OCMock.a";
			remoteRef = 84B96C741B009B77001ACC2E /* PBXContainerItemProxy */;
			sourceTree = BUILT_PRODUCTS_DIR;
		};
/* End PBXReferenceProxy section */

/* Begin PBXResourcesBuildPhase section */
		4D6993DC18E22E0C0073680F /* Resources */ = {
			isa = PBXResourcesBuildPhase;
			buildActionMask = 2147483647;
			files = (
				84AF9E7A1C4CCFCC001A48D8 /* LIPyB7SgzKc.karaoke.en.txt in Resources */,
				84AF9E561C4B85A1001A48D8 /* mTI_ngJEJuo.translation.en.txt in Resources */,
				84AF9E6B1C4B981E001A48D8 /* 4OrCA1OInoo.karaoke.en.txt in Resources */,
				84AF9E611C4B87EA001A48D8 /* wjzQdQGtnF0.karaoke.en.txt in Resources */,
				4D69941E18E22EE10073680F /* Main.storyboard in Resources */,
				84AF9E7C1C4CD452001A48D8 /* mTI_ngJEJuo.karaoke.en.txt in Resources */,
				84AF9E641C4B87EA001A48D8 /* wjzQdQGtnF0.translation.en.txt in Resources */,
				84AF9E6E1C4B9E45001A48D8 /* 4OrCA1OInoo.lyric.en.txt in Resources */,
				84AF9E781C4CBD9B001A48D8 /* LIPyB7SgzKc.translation.en.txt in Resources */,
				84AF9E551C4B85A1001A48D8 /* mTI_ngJEJuo.lyric.txt in Resources */,
				4D6993FA18E22E0C0073680F /* Images.xcassets in Resources */,
				84AF9E701C4CA72E001A48D8 /* 4OrCA1OInoo.lyric.txt in Resources */,
				84AF9E621C4B87EA001A48D8 /* wjzQdQGtnF0.lyric.en.txt in Resources */,
				4D6993EC18E22E0C0073680F /* InfoPlist.strings in Resources */,
				84AF9E771C4CBD9B001A48D8 /* LIPyB7SgzKc.lyric.txt in Resources */,
				84AF9E631C4B87EA001A48D8 /* wjzQdQGtnF0.lyric.txt in Resources */,
				84AF9E541C4B85A1001A48D8 /* mTI_ngJEJuo.lyric.en.txt in Resources */,
				84AF9E761C4CBD9B001A48D8 /* LIPyB7SgzKc.lyric.en.txt in Resources */,
				84AF9E6C1C4B981E001A48D8 /* 4OrCA1OInoo.translation.en.txt in Resources */,
			);
			runOnlyForDeploymentPostprocessing = 0;
		};
		4D6993FD18E22E0C0073680F /* Resources */ = {
			isa = PBXResourcesBuildPhase;
			buildActionMask = 2147483647;
			files = (
				4D69940B18E22E0C0073680F /* InfoPlist.strings in Resources */,
			);
			runOnlyForDeploymentPostprocessing = 0;
		};
/* End PBXResourcesBuildPhase section */

/* Begin PBXShellScriptBuildPhase section */
		40A67310F9C54613B3075C8C /* Check Pods Manifest.lock */ = {
			isa = PBXShellScriptBuildPhase;
			buildActionMask = 2147483647;
			files = (
			);
			inputPaths = (
			);
			name = "Check Pods Manifest.lock";
			outputPaths = (
			);
			runOnlyForDeploymentPostprocessing = 0;
			shellPath = /bin/sh;
			shellScript = "diff \"${PODS_ROOT}/../Podfile.lock\" \"${PODS_ROOT}/Manifest.lock\" > /dev/null\nif [[ $? != 0 ]] ; then\n    cat << EOM\nerror: The sandbox is not in sync with the Podfile.lock. Run 'pod install' or update your CocoaPods installation.\nEOM\n    exit 1\nfi\n";
			showEnvVarsInLog = 0;
		};
		8D2FF9AA090848A181BEBD44 /* Copy Pods Resources */ = {
			isa = PBXShellScriptBuildPhase;
			buildActionMask = 2147483647;
			files = (
			);
			inputPaths = (
			);
			name = "Copy Pods Resources";
			outputPaths = (
			);
			runOnlyForDeploymentPostprocessing = 0;
			shellPath = /bin/sh;
			shellScript = "\"${SRCROOT}/Pods/Target Support Files/Pods/Pods-resources.sh\"\n";
			showEnvVarsInLog = 0;
		};
		B16AF54440614B7BBEA8906E /* Copy Pods Resources */ = {
			isa = PBXShellScriptBuildPhase;
			buildActionMask = 2147483647;
			files = (
			);
			inputPaths = (
			);
			name = "Copy Pods Resources";
			outputPaths = (
			);
			runOnlyForDeploymentPostprocessing = 0;
			shellPath = /bin/sh;
			shellScript = "\"${SRCROOT}/Pods/Target Support Files/Pods-youtube-player-ios-exampleTests/Pods-youtube-player-ios-exampleTests-resources.sh\"\n";
			showEnvVarsInLog = 0;
		};
		FE80856E09B8459AAE18655D /* Check Pods Manifest.lock */ = {
			isa = PBXShellScriptBuildPhase;
			buildActionMask = 2147483647;
			files = (
			);
			inputPaths = (
			);
			name = "Check Pods Manifest.lock";
			outputPaths = (
			);
			runOnlyForDeploymentPostprocessing = 0;
			shellPath = /bin/sh;
			shellScript = "diff \"${PODS_ROOT}/../Podfile.lock\" \"${PODS_ROOT}/Manifest.lock\" > /dev/null\nif [[ $? != 0 ]] ; then\n    cat << EOM\nerror: The sandbox is not in sync with the Podfile.lock. Run 'pod install' or update your CocoaPods installation.\nEOM\n    exit 1\nfi\n";
			showEnvVarsInLog = 0;
		};
/* End PBXShellScriptBuildPhase section */

/* Begin PBXSourcesBuildPhase section */
		4D6993DA18E22E0C0073680F /* Sources */ = {
			isa = PBXSourcesBuildPhase;
			buildActionMask = 2147483647;
			files = (
				4D69942218E22F000073680F /* main.m in Sources */,
				842333AD1B0A9DB700A99EBC /* ListRecordViewController.m in Sources */,
				842333A91B0A23A200A99EBC /* UserLyricsViewController.m in Sources */,
				4D69941D18E22EE10073680F /* AppDelegate.m in Sources */,
				84D489CE1B033BAD009299A7 /* SingleVideoViewController.m in Sources */,
				8423339C1B09B4FA00A99EBC /* SettingViewController.m in Sources */,
				84178B361B0F626300C42CF9 /* ListRecordCell.m in Sources */,
				84D489DF1B05E9A2009299A7 /* Lyric.m in Sources */,
				84D489CD1B033BAD009299A7 /* PlaylistViewController.m in Sources */,
				842333A61B0A22A600A99EBC /* RecordViewController.m in Sources */,
				84178B401B123C6300C42CF9 /* RootViewController.m in Sources */,
				84D489E61B070032009299A7 /* LyricLang.m in Sources */,
				842333A31B09B51C00A99EBC /* LyricAddingViewController.m in Sources */,
			);
			runOnlyForDeploymentPostprocessing = 0;
		};
		4D6993FB18E22E0C0073680F /* Sources */ = {
			isa = PBXSourcesBuildPhase;
			buildActionMask = 2147483647;
			files = (
				4D69940D18E22E0C0073680F /* youtube_player_ios_exampleTests.m in Sources */,
			);
			runOnlyForDeploymentPostprocessing = 0;
		};
/* End PBXSourcesBuildPhase section */

/* Begin PBXTargetDependency section */
		4D69940518E22E0C0073680F /* PBXTargetDependency */ = {
			isa = PBXTargetDependency;
			target = 4D6993DD18E22E0C0073680F /* youtube-player-ios-example */;
			targetProxy = 4D69940418E22E0C0073680F /* PBXContainerItemProxy */;
		};
/* End PBXTargetDependency section */

/* Begin PBXVariantGroup section */
		4D6993EA18E22E0C0073680F /* InfoPlist.strings */ = {
			isa = PBXVariantGroup;
			children = (
				4D6993EB18E22E0C0073680F /* en */,
			);
			name = InfoPlist.strings;
			sourceTree = "<group>";
		};
		4D69940918E22E0C0073680F /* InfoPlist.strings */ = {
			isa = PBXVariantGroup;
			children = (
				4D69940A18E22E0C0073680F /* en */,
			);
			name = InfoPlist.strings;
			sourceTree = "<group>";
		};
/* End PBXVariantGroup section */

/* Begin XCBuildConfiguration section */
		4D69940E18E22E0C0073680F /* Debug */ = {
			isa = XCBuildConfiguration;
			buildSettings = {
				ALWAYS_SEARCH_USER_PATHS = NO;
				CLANG_CXX_LANGUAGE_STANDARD = "gnu++0x";
				CLANG_CXX_LIBRARY = "libc++";
				CLANG_ENABLE_MODULES = YES;
				CLANG_ENABLE_OBJC_ARC = YES;
				CLANG_WARN_BOOL_CONVERSION = YES;
				CLANG_WARN_CONSTANT_CONVERSION = YES;
				CLANG_WARN_DIRECT_OBJC_ISA_USAGE = YES_ERROR;
				CLANG_WARN_EMPTY_BODY = YES;
				CLANG_WARN_ENUM_CONVERSION = YES;
				CLANG_WARN_INT_CONVERSION = YES;
				CLANG_WARN_OBJC_ROOT_CLASS = YES_ERROR;
				CLANG_WARN__DUPLICATE_METHOD_MATCH = YES;
				"CODE_SIGN_IDENTITY[sdk=iphoneos*]" = "iPhone Developer";
				COPY_PHASE_STRIP = NO;
				GCC_C_LANGUAGE_STANDARD = gnu99;
				GCC_DYNAMIC_NO_PIC = NO;
				GCC_OPTIMIZATION_LEVEL = 0;
				GCC_PREPROCESSOR_DEFINITIONS = (
					"DEBUG=1",
					"$(inherited)",
				);
				GCC_SYMBOLS_PRIVATE_EXTERN = NO;
				GCC_WARN_64_TO_32_BIT_CONVERSION = YES;
				GCC_WARN_ABOUT_RETURN_TYPE = YES_ERROR;
				GCC_WARN_UNDECLARED_SELECTOR = YES;
				GCC_WARN_UNINITIALIZED_AUTOS = YES_AGGRESSIVE;
				GCC_WARN_UNUSED_FUNCTION = YES;
				GCC_WARN_UNUSED_VARIABLE = YES;
				IPHONEOS_DEPLOYMENT_TARGET = 7.0;
				ONLY_ACTIVE_ARCH = YES;
				SDKROOT = iphoneos;
			};
			name = Debug;
		};
		4D69940F18E22E0C0073680F /* Release */ = {
			isa = XCBuildConfiguration;
			buildSettings = {
				ALWAYS_SEARCH_USER_PATHS = NO;
				CLANG_CXX_LANGUAGE_STANDARD = "gnu++0x";
				CLANG_CXX_LIBRARY = "libc++";
				CLANG_ENABLE_MODULES = YES;
				CLANG_ENABLE_OBJC_ARC = YES;
				CLANG_WARN_BOOL_CONVERSION = YES;
				CLANG_WARN_CONSTANT_CONVERSION = YES;
				CLANG_WARN_DIRECT_OBJC_ISA_USAGE = YES_ERROR;
				CLANG_WARN_EMPTY_BODY = YES;
				CLANG_WARN_ENUM_CONVERSION = YES;
				CLANG_WARN_INT_CONVERSION = YES;
				CLANG_WARN_OBJC_ROOT_CLASS = YES_ERROR;
				CLANG_WARN__DUPLICATE_METHOD_MATCH = YES;
				"CODE_SIGN_IDENTITY[sdk=iphoneos*]" = "iPhone Developer";
				COPY_PHASE_STRIP = YES;
				ENABLE_NS_ASSERTIONS = NO;
				GCC_C_LANGUAGE_STANDARD = gnu99;
				GCC_WARN_64_TO_32_BIT_CONVERSION = YES;
				GCC_WARN_ABOUT_RETURN_TYPE = YES_ERROR;
				GCC_WARN_UNDECLARED_SELECTOR = YES;
				GCC_WARN_UNINITIALIZED_AUTOS = YES_AGGRESSIVE;
				GCC_WARN_UNUSED_FUNCTION = YES;
				GCC_WARN_UNUSED_VARIABLE = YES;
				IPHONEOS_DEPLOYMENT_TARGET = 7.0;
				SDKROOT = iphoneos;
				VALIDATE_PRODUCT = YES;
			};
			name = Release;
		};
		4D69941118E22E0C0073680F /* Debug */ = {
			isa = XCBuildConfiguration;
			baseConfigurationReference = A768218C01189927D9428EFE /* Pods.debug.xcconfig */;
			buildSettings = {
				ASSETCATALOG_COMPILER_APPICON_NAME = AppIcon;
				ASSETCATALOG_COMPILER_LAUNCHIMAGE_NAME = LaunchImage;
				CODE_SIGN_IDENTITY = "iPhone Developer: Naddao Thongsak (4P33DMV4ZK)";
				"CODE_SIGN_IDENTITY[sdk=iphoneos*]" = "iPhone Developer: Naddao Thongsak (4P33DMV4ZK)";
				GCC_PRECOMPILE_PREFIX_HEADER = YES;
				GCC_PREFIX_HEADER = "youtube-player-ios-example/youtube-player-ios-example-Prefix.pch";
				INFOPLIST_FILE = "youtube-player-ios-example/youtube-player-ios-example-Info.plist";
				LIBRARY_SEARCH_PATHS = (
					"<Multiple",
					"values>",
					"$(PODS_ROOT)/",
				);
				OTHER_LDFLAGS = (
					"-ObjC",
					"-all_load",
				);
				PRODUCT_NAME = "$(TARGET_NAME)";
				PROVISIONING_PROFILE = "f209aca6-6346-4e6b-ab87-c8fd74472740";
				WRAPPER_EXTENSION = app;
			};
			name = Debug;
		};
		4D69941218E22E0C0073680F /* Release */ = {
			isa = XCBuildConfiguration;
			baseConfigurationReference = 24194F762714FB36E14F42D1 /* Pods.release.xcconfig */;
			buildSettings = {
				ASSETCATALOG_COMPILER_APPICON_NAME = AppIcon;
				ASSETCATALOG_COMPILER_LAUNCHIMAGE_NAME = LaunchImage;
				CODE_SIGN_IDENTITY = "iPhone Distribution: Naddao Thongsak (FMEC9E945H)";
				"CODE_SIGN_IDENTITY[sdk=iphoneos*]" = "iPhone Distribution: Naddao Thongsak (FMEC9E945H)";
				GCC_PRECOMPILE_PREFIX_HEADER = YES;
				GCC_PREFIX_HEADER = "youtube-player-ios-example/youtube-player-ios-example-Prefix.pch";
				INFOPLIST_FILE = "youtube-player-ios-example/youtube-player-ios-example-Info.plist";
				LIBRARY_SEARCH_PATHS = (
					"<Multiple",
					"values>",
					"$(PODS_ROOT)/",
				);
				OTHER_LDFLAGS = (
					"-ObjC",
					"-all_load",
				);
				PRODUCT_NAME = "$(TARGET_NAME)";
				PROVISIONING_PROFILE = "f209aca6-6346-4e6b-ab87-c8fd74472740";
				WRAPPER_EXTENSION = app;
			};
			name = Release;
		};
		4D69941418E22E0C0073680F /* Debug */ = {
			isa = XCBuildConfiguration;
			baseConfigurationReference = 5E02695E3B9C9C321995A8EB /* Pods-youtube-player-ios-exampleTests.debug.xcconfig */;
			buildSettings = {
				BUNDLE_LOADER = "$(BUILT_PRODUCTS_DIR)/youtube-player-ios-example.app/youtube-player-ios-example";
				FRAMEWORK_SEARCH_PATHS = (
					"$(SDKROOT)/Developer/Library/Frameworks",
					"$(inherited)",
					"$(DEVELOPER_FRAMEWORKS_DIR)",
				);
				GCC_PRECOMPILE_PREFIX_HEADER = YES;
				GCC_PREFIX_HEADER = "youtube-player-ios-example/youtube-player-ios-example-Prefix.pch";
				GCC_PREPROCESSOR_DEFINITIONS = (
					"DEBUG=1",
					"$(inherited)",
				);
				INFOPLIST_FILE = "youtube-player-ios-exampleTests/youtube-player-ios-exampleTests-Info.plist";
				PRODUCT_NAME = "$(TARGET_NAME)";
				TEST_HOST = "$(BUNDLE_LOADER)";
				WRAPPER_EXTENSION = xctest;
			};
			name = Debug;
		};
		4D69941518E22E0C0073680F /* Release */ = {
			isa = XCBuildConfiguration;
			baseConfigurationReference = C779352E5870E0CC33EE7ADD /* Pods-youtube-player-ios-exampleTests.release.xcconfig */;
			buildSettings = {
				BUNDLE_LOADER = "$(BUILT_PRODUCTS_DIR)/youtube-player-ios-example.app/youtube-player-ios-example";
				FRAMEWORK_SEARCH_PATHS = (
					"$(SDKROOT)/Developer/Library/Frameworks",
					"$(inherited)",
					"$(DEVELOPER_FRAMEWORKS_DIR)",
				);
				GCC_PRECOMPILE_PREFIX_HEADER = YES;
				GCC_PREFIX_HEADER = "youtube-player-ios-example/youtube-player-ios-example-Prefix.pch";
				INFOPLIST_FILE = "youtube-player-ios-exampleTests/youtube-player-ios-exampleTests-Info.plist";
				PRODUCT_NAME = "$(TARGET_NAME)";
				TEST_HOST = "$(BUNDLE_LOADER)";
				WRAPPER_EXTENSION = xctest;
			};
			name = Release;
		};
/* End XCBuildConfiguration section */

/* Begin XCConfigurationList section */
		4D6993D918E22E0C0073680F /* Build configuration list for PBXProject "youtube-player-ios-example" */ = {
			isa = XCConfigurationList;
			buildConfigurations = (
				4D69940E18E22E0C0073680F /* Debug */,
				4D69940F18E22E0C0073680F /* Release */,
			);
			defaultConfigurationIsVisible = 0;
			defaultConfigurationName = Release;
		};
		4D69941018E22E0C0073680F /* Build configuration list for PBXNativeTarget "youtube-player-ios-example" */ = {
			isa = XCConfigurationList;
			buildConfigurations = (
				4D69941118E22E0C0073680F /* Debug */,
				4D69941218E22E0C0073680F /* Release */,
			);
			defaultConfigurationIsVisible = 0;
			defaultConfigurationName = Release;
		};
		4D69941318E22E0C0073680F /* Build configuration list for PBXNativeTarget "youtube-player-ios-exampleTests" */ = {
			isa = XCConfigurationList;
			buildConfigurations = (
				4D69941418E22E0C0073680F /* Debug */,
				4D69941518E22E0C0073680F /* Release */,
			);
			defaultConfigurationIsVisible = 0;
			defaultConfigurationName = Release;
		};
/* End XCConfigurationList section */
	};
	rootObject = 4D6993D618E22E0C0073680F /* Project object */;
}
