PODS:
  - OCMock (2.2.3)
  - youtube-ios-player-helper (0.1.1)

DEPENDENCIES:
  - OCMock (= 2.2.3)
  - youtube-ios-player-helper (from `../../youtube-ios-player-helper.podspec`)

EXTERNAL SOURCES:
  youtube-ios-player-helper:
    :path: ../../youtube-ios-player-helper.podspec

SPEC CHECKSUMS:
  OCMock: 807b6904818c42b86f42f36352ce7615b816e61a
  youtube-ios-player-helper: 1fb0557ee343b9dd3353906ab4ff60306aeffdcc

COCOAPODS: 0.32.1
